// !$*UTF8*$!
{
	archiveVersion = 1;
	classes = {
	};
	objectVersion = 50;
	objects = {

/* Begin PBXBuildFile section */
		5219149624633FFD00D2D683 /* NewsService.swift in Sources */ = {isa = PBXBuildFile; fileRef = 5219149524633FFD00D2D683 /* NewsService.swift */; };
		521F1C2F245DF5C400E2A7B1 /* AppDelegate.swift in Sources */ = {isa = PBXBuildFile; fileRef = 521F1C2E245DF5C400E2A7B1 /* AppDelegate.swift */; };
		521F1C31245DF5C400E2A7B1 /* SceneDelegate.swift in Sources */ = {isa = PBXBuildFile; fileRef = 521F1C30245DF5C400E2A7B1 /* SceneDelegate.swift */; };
		521F1C33245DF5C400E2A7B1 /* NewsFeedView.swift in Sources */ = {isa = PBXBuildFile; fileRef = 521F1C32245DF5C400E2A7B1 /* NewsFeedView.swift */; };
		521F1C35245DF5C600E2A7B1 /* Assets.xcassets in Resources */ = {isa = PBXBuildFile; fileRef = 521F1C34245DF5C600E2A7B1 /* Assets.xcassets */; };
		521F1C38245DF5C600E2A7B1 /* Preview Assets.xcassets in Resources */ = {isa = PBXBuildFile; fileRef = 521F1C37245DF5C600E2A7B1 /* Preview Assets.xcassets */; };
		521F1C3B245DF5C600E2A7B1 /* LaunchScreen.storyboard in Resources */ = {isa = PBXBuildFile; fileRef = 521F1C39245DF5C600E2A7B1 /* LaunchScreen.storyboard */; };
		521F1C4E245DF77600E2A7B1 /* BaseRequest.swift in Sources */ = {isa = PBXBuildFile; fileRef = 521F1C49245DF77600E2A7B1 /* BaseRequest.swift */; };
		521F1C4F245DF77600E2A7B1 /* ApiRequester.swift in Sources */ = {isa = PBXBuildFile; fileRef = 521F1C4A245DF77600E2A7B1 /* ApiRequester.swift */; };
		521F1C50245DF77600E2A7B1 /* Reachability.swift in Sources */ = {isa = PBXBuildFile; fileRef = 521F1C4B245DF77600E2A7B1 /* Reachability.swift */; };
		521F1C51245DF77600E2A7B1 /* Request.swift in Sources */ = {isa = PBXBuildFile; fileRef = 521F1C4C245DF77600E2A7B1 /* Request.swift */; };
		521F1C52245DF77600E2A7B1 /* ApiEndpoint.swift in Sources */ = {isa = PBXBuildFile; fileRef = 521F1C4D245DF77600E2A7B1 /* ApiEndpoint.swift */; };
		521F1C5A245DFAF100E2A7B1 /* DeezerService.swift in Sources */ = {isa = PBXBuildFile; fileRef = 521F1C59245DFAF100E2A7B1 /* DeezerService.swift */; };
		521F1C5E245DFBD800E2A7B1 /* DeezerArtist.swift in Sources */ = {isa = PBXBuildFile; fileRef = 521F1C5D245DFBD800E2A7B1 /* DeezerArtist.swift */; };
		521F1C61245DFC7D00E2A7B1 /* UserFavoriteArtistsEndpoint.swift in Sources */ = {isa = PBXBuildFile; fileRef = 521F1C60245DFC7D00E2A7B1 /* UserFavoriteArtistsEndpoint.swift */; };
		521F1C66245DFD3600E2A7B1 /* DeezerApiEndpoint.swift in Sources */ = {isa = PBXBuildFile; fileRef = 521F1C65245DFD3600E2A7B1 /* DeezerApiEndpoint.swift */; };
		521F1C6A245E010200E2A7B1 /* NewsViewModel.swift in Sources */ = {isa = PBXBuildFile; fileRef = 521F1C69245E010200E2A7B1 /* NewsViewModel.swift */; };
		521F1C6C245E049C00E2A7B1 /* DeezerAlbum.swift in Sources */ = {isa = PBXBuildFile; fileRef = 521F1C6B245E049C00E2A7B1 /* DeezerAlbum.swift */; };
		521F1C6E245E051100E2A7B1 /* ArtistAlbumsEndpoint.swift in Sources */ = {isa = PBXBuildFile; fileRef = 521F1C6D245E051100E2A7B1 /* ArtistAlbumsEndpoint.swift */; };
		521F1C7A245E158800E2A7B1 /* Date+ToString.swift in Sources */ = {isa = PBXBuildFile; fileRef = 521F1C79245E158800E2A7B1 /* Date+ToString.swift */; };
		521F1C7D245EC1DA00E2A7B1 /* ImageLoader.swift in Sources */ = {isa = PBXBuildFile; fileRef = 521F1C7C245EC1DA00E2A7B1 /* ImageLoader.swift */; };
		521F1C80245EC57D00E2A7B1 /* ImageService.swift in Sources */ = {isa = PBXBuildFile; fileRef = 521F1C7F245EC57D00E2A7B1 /* ImageService.swift */; };
		521F1C83245EC5A400E2A7B1 /* ImageEndpoint.swift in Sources */ = {isa = PBXBuildFile; fileRef = 521F1C82245EC5A400E2A7B1 /* ImageEndpoint.swift */; };
		52258A44245EC74E00063825 /* WebImage.swift in Sources */ = {isa = PBXBuildFile; fileRef = 52258A43245EC74E00063825 /* WebImage.swift */; };
		5246E7E22462258C00A13706 /* NewsContentComponent.swift in Sources */ = {isa = PBXBuildFile; fileRef = 5246E7E12462258C00A13706 /* NewsContentComponent.swift */; };
		524D923C245ECCE5005F5237 /* String+ToDate.swift in Sources */ = {isa = PBXBuildFile; fileRef = 524D923B245ECCE5005F5237 /* String+ToDate.swift */; };
		52AFC27A24620B090067A9FC /* NewsHeaderComponent.swift in Sources */ = {isa = PBXBuildFile; fileRef = 52AFC27924620B090067A9FC /* NewsHeaderComponent.swift */; };
		52C583D62461F9AF002BFBCD /* DeezerPlaylist.swift in Sources */ = {isa = PBXBuildFile; fileRef = 52C583D52461F9AF002BFBCD /* DeezerPlaylist.swift */; };
		52C583D82461FA41002BFBCD /* UserPlaylistsEndpoint.swift in Sources */ = {isa = PBXBuildFile; fileRef = 52C583D72461FA41002BFBCD /* UserPlaylistsEndpoint.swift */; };
		52C583DD24620082002BFBCD /* Publisher+RetryAfter.swift in Sources */ = {isa = PBXBuildFile; fileRef = 52C583DC24620082002BFBCD /* Publisher+RetryAfter.swift */; };
		52C583E22462035C002BFBCD /* News.swift in Sources */ = {isa = PBXBuildFile; fileRef = 52C583E12462035C002BFBCD /* News.swift */; };
		52C583E424620937002BFBCD /* NewsComponent.swift in Sources */ = {isa = PBXBuildFile; fileRef = 52C583E324620937002BFBCD /* NewsComponent.swift */; };
		52F88E07246027780004B1EC /* DeeplinkViewModel.swift in Sources */ = {isa = PBXBuildFile; fileRef = 52F88E06246027780004B1EC /* DeeplinkViewModel.swift */; };
		52F88E1024603ADE0004B1EC /* Color.swift in Sources */ = {isa = PBXBuildFile; fileRef = 52F88E0F24603ADE0004B1EC /* Color.swift */; };
/* End PBXBuildFile section */

/* Begin PBXFileReference section */
		5219149524633FFD00D2D683 /* NewsService.swift */ = {isa = PBXFileReference; lastKnownFileType = sourcecode.swift; path = NewsService.swift; sourceTree = "<group>"; };
		521F1C2B245DF5C400E2A7B1 /* Matis.app */ = {isa = PBXFileReference; explicitFileType = wrapper.application; includeInIndex = 0; path = Matis.app; sourceTree = BUILT_PRODUCTS_DIR; };
		521F1C2E245DF5C400E2A7B1 /* AppDelegate.swift */ = {isa = PBXFileReference; lastKnownFileType = sourcecode.swift; path = AppDelegate.swift; sourceTree = "<group>"; };
		521F1C30245DF5C400E2A7B1 /* SceneDelegate.swift */ = {isa = PBXFileReference; lastKnownFileType = sourcecode.swift; path = SceneDelegate.swift; sourceTree = "<group>"; };
		521F1C32245DF5C400E2A7B1 /* NewsFeedView.swift */ = {isa = PBXFileReference; lastKnownFileType = sourcecode.swift; path = NewsFeedView.swift; sourceTree = "<group>"; };
		521F1C34245DF5C600E2A7B1 /* Assets.xcassets */ = {isa = PBXFileReference; lastKnownFileType = folder.assetcatalog; path = Assets.xcassets; sourceTree = "<group>"; };
		521F1C37245DF5C600E2A7B1 /* Preview Assets.xcassets */ = {isa = PBXFileReference; lastKnownFileType = folder.assetcatalog; path = "Preview Assets.xcassets"; sourceTree = "<group>"; };
		521F1C3A245DF5C600E2A7B1 /* Base */ = {isa = PBXFileReference; lastKnownFileType = file.storyboard; name = Base; path = Base.lproj/LaunchScreen.storyboard; sourceTree = "<group>"; };
		521F1C3C245DF5C600E2A7B1 /* Info.plist */ = {isa = PBXFileReference; lastKnownFileType = text.plist.xml; path = Info.plist; sourceTree = "<group>"; };
		521F1C49245DF77600E2A7B1 /* BaseRequest.swift */ = {isa = PBXFileReference; fileEncoding = 4; lastKnownFileType = sourcecode.swift; path = BaseRequest.swift; sourceTree = "<group>"; };
		521F1C4A245DF77600E2A7B1 /* ApiRequester.swift */ = {isa = PBXFileReference; fileEncoding = 4; lastKnownFileType = sourcecode.swift; path = ApiRequester.swift; sourceTree = "<group>"; };
		521F1C4B245DF77600E2A7B1 /* Reachability.swift */ = {isa = PBXFileReference; fileEncoding = 4; lastKnownFileType = sourcecode.swift; path = Reachability.swift; sourceTree = "<group>"; };
		521F1C4C245DF77600E2A7B1 /* Request.swift */ = {isa = PBXFileReference; fileEncoding = 4; lastKnownFileType = sourcecode.swift; path = Request.swift; sourceTree = "<group>"; };
		521F1C4D245DF77600E2A7B1 /* ApiEndpoint.swift */ = {isa = PBXFileReference; fileEncoding = 4; lastKnownFileType = sourcecode.swift; path = ApiEndpoint.swift; sourceTree = "<group>"; };
		521F1C59245DFAF100E2A7B1 /* DeezerService.swift */ = {isa = PBXFileReference; lastKnownFileType = sourcecode.swift; path = DeezerService.swift; sourceTree = "<group>"; };
		521F1C5D245DFBD800E2A7B1 /* DeezerArtist.swift */ = {isa = PBXFileReference; lastKnownFileType = sourcecode.swift; path = DeezerArtist.swift; sourceTree = "<group>"; };
		521F1C60245DFC7D00E2A7B1 /* UserFavoriteArtistsEndpoint.swift */ = {isa = PBXFileReference; lastKnownFileType = sourcecode.swift; path = UserFavoriteArtistsEndpoint.swift; sourceTree = "<group>"; };
		521F1C65245DFD3600E2A7B1 /* DeezerApiEndpoint.swift */ = {isa = PBXFileReference; lastKnownFileType = sourcecode.swift; path = DeezerApiEndpoint.swift; sourceTree = "<group>"; };
		521F1C69245E010200E2A7B1 /* NewsViewModel.swift */ = {isa = PBXFileReference; lastKnownFileType = sourcecode.swift; path = NewsViewModel.swift; sourceTree = "<group>"; };
		521F1C6B245E049C00E2A7B1 /* DeezerAlbum.swift */ = {isa = PBXFileReference; lastKnownFileType = sourcecode.swift; path = DeezerAlbum.swift; sourceTree = "<group>"; };
		521F1C6D245E051100E2A7B1 /* ArtistAlbumsEndpoint.swift */ = {isa = PBXFileReference; lastKnownFileType = sourcecode.swift; path = ArtistAlbumsEndpoint.swift; sourceTree = "<group>"; };
		521F1C79245E158800E2A7B1 /* Date+ToString.swift */ = {isa = PBXFileReference; lastKnownFileType = sourcecode.swift; path = "Date+ToString.swift"; sourceTree = "<group>"; };
		521F1C7C245EC1DA00E2A7B1 /* ImageLoader.swift */ = {isa = PBXFileReference; lastKnownFileType = sourcecode.swift; path = ImageLoader.swift; sourceTree = "<group>"; };
		521F1C7F245EC57D00E2A7B1 /* ImageService.swift */ = {isa = PBXFileReference; lastKnownFileType = sourcecode.swift; path = ImageService.swift; sourceTree = "<group>"; };
		521F1C82245EC5A400E2A7B1 /* ImageEndpoint.swift */ = {isa = PBXFileReference; lastKnownFileType = sourcecode.swift; path = ImageEndpoint.swift; sourceTree = "<group>"; };
		52258A43245EC74E00063825 /* WebImage.swift */ = {isa = PBXFileReference; lastKnownFileType = sourcecode.swift; path = WebImage.swift; sourceTree = "<group>"; };
		5246E7E12462258C00A13706 /* NewsContentComponent.swift */ = {isa = PBXFileReference; lastKnownFileType = sourcecode.swift; path = NewsContentComponent.swift; sourceTree = "<group>"; };
		524D923B245ECCE5005F5237 /* String+ToDate.swift */ = {isa = PBXFileReference; lastKnownFileType = sourcecode.swift; path = "String+ToDate.swift"; sourceTree = "<group>"; };
		52AFC27924620B090067A9FC /* NewsHeaderComponent.swift */ = {isa = PBXFileReference; lastKnownFileType = sourcecode.swift; path = NewsHeaderComponent.swift; sourceTree = "<group>"; };
		52C583D52461F9AF002BFBCD /* DeezerPlaylist.swift */ = {isa = PBXFileReference; lastKnownFileType = sourcecode.swift; path = DeezerPlaylist.swift; sourceTree = "<group>"; };
		52C583D72461FA41002BFBCD /* UserPlaylistsEndpoint.swift */ = {isa = PBXFileReference; lastKnownFileType = sourcecode.swift; path = UserPlaylistsEndpoint.swift; sourceTree = "<group>"; };
		52C583DC24620082002BFBCD /* Publisher+RetryAfter.swift */ = {isa = PBXFileReference; lastKnownFileType = sourcecode.swift; path = "Publisher+RetryAfter.swift"; sourceTree = "<group>"; };
		52C583E12462035C002BFBCD /* News.swift */ = {isa = PBXFileReference; lastKnownFileType = sourcecode.swift; path = News.swift; sourceTree = "<group>"; };
		52C583E324620937002BFBCD /* NewsComponent.swift */ = {isa = PBXFileReference; lastKnownFileType = sourcecode.swift; path = NewsComponent.swift; sourceTree = "<group>"; };
		52F88E06246027780004B1EC /* DeeplinkViewModel.swift */ = {isa = PBXFileReference; lastKnownFileType = sourcecode.swift; path = DeeplinkViewModel.swift; sourceTree = "<group>"; };
		52F88E0F24603ADE0004B1EC /* Color.swift */ = {isa = PBXFileReference; lastKnownFileType = sourcecode.swift; path = Color.swift; sourceTree = "<group>"; };
/* End PBXFileReference section */

/* Begin PBXFrameworksBuildPhase section */
		521F1C28245DF5C400E2A7B1 /* Frameworks */ = {
			isa = PBXFrameworksBuildPhase;
			buildActionMask = 2147483647;
			files = (
			);
			runOnlyForDeploymentPostprocessing = 0;
		};
/* End PBXFrameworksBuildPhase section */

/* Begin PBXGroup section */
		5219149424633FE900D2D683 /* News */ = {
			isa = PBXGroup;
			children = (
				5219149524633FFD00D2D683 /* NewsService.swift */,
			);
			path = News;
			sourceTree = "<group>";
		};
		521F1C22245DF5C400E2A7B1 = {
			isa = PBXGroup;
			children = (
				521F1C2D245DF5C400E2A7B1 /* Matis */,
				521F1C2C245DF5C400E2A7B1 /* Products */,
			);
			sourceTree = "<group>";
		};
		521F1C2C245DF5C400E2A7B1 /* Products */ = {
			isa = PBXGroup;
			children = (
				521F1C2B245DF5C400E2A7B1 /* Matis.app */,
			);
			name = Products;
			sourceTree = "<group>";
		};
		521F1C2D245DF5C400E2A7B1 /* Matis */ = {
			isa = PBXGroup;
			children = (
				521F1C2E245DF5C400E2A7B1 /* AppDelegate.swift */,
				521F1C30245DF5C400E2A7B1 /* SceneDelegate.swift */,
				521F1C47245DF76100E2A7B1 /* Core */,
				521F1C7B245EC1C900E2A7B1 /* Util */,
				521F1C78245E157500E2A7B1 /* Extension */,
				521F1C54245DFAAF00E2A7B1 /* Service */,
				521F1C5B245DFBBA00E2A7B1 /* Entity */,
				521F1C67245E005F00E2A7B1 /* ViewModel */,
				521F1C73245E088F00E2A7B1 /* Component */,
				521F1C43245DF5EC00E2A7B1 /* View */,
				521F1C42245DF5E000E2A7B1 /* Resource */,
			);
			path = Matis;
			sourceTree = "<group>";
		};
		521F1C36245DF5C600E2A7B1 /* Preview Content */ = {
			isa = PBXGroup;
			children = (
				521F1C37245DF5C600E2A7B1 /* Preview Assets.xcassets */,
			);
			path = "Preview Content";
			sourceTree = "<group>";
		};
		521F1C42245DF5E000E2A7B1 /* Resource */ = {
			isa = PBXGroup;
			children = (
				521F1C34245DF5C600E2A7B1 /* Assets.xcassets */,
				521F1C39245DF5C600E2A7B1 /* LaunchScreen.storyboard */,
				521F1C3C245DF5C600E2A7B1 /* Info.plist */,
				521F1C36245DF5C600E2A7B1 /* Preview Content */,
			);
			path = Resource;
			sourceTree = "<group>";
		};
		521F1C43245DF5EC00E2A7B1 /* View */ = {
			isa = PBXGroup;
			children = (
				521F1C32245DF5C400E2A7B1 /* NewsFeedView.swift */,
			);
			path = View;
			sourceTree = "<group>";
		};
		521F1C47245DF76100E2A7B1 /* Core */ = {
			isa = PBXGroup;
			children = (
				521F1C48245DF77600E2A7B1 /* Network */,
			);
			path = Core;
			sourceTree = "<group>";
		};
		521F1C48245DF77600E2A7B1 /* Network */ = {
			isa = PBXGroup;
			children = (
				521F1C49245DF77600E2A7B1 /* BaseRequest.swift */,
				521F1C4A245DF77600E2A7B1 /* ApiRequester.swift */,
				521F1C4B245DF77600E2A7B1 /* Reachability.swift */,
				521F1C4C245DF77600E2A7B1 /* Request.swift */,
				521F1C4D245DF77600E2A7B1 /* ApiEndpoint.swift */,
			);
			path = Network;
			sourceTree = "<group>";
		};
		521F1C54245DFAAF00E2A7B1 /* Service */ = {
			isa = PBXGroup;
			children = (
				521F1C7E245EC57300E2A7B1 /* Image */,
				521F1C55245DFAC800E2A7B1 /* Deezer */,
				5219149424633FE900D2D683 /* News */,
			);
			path = Service;
			sourceTree = "<group>";
		};
		521F1C55245DFAC800E2A7B1 /* Deezer */ = {
			isa = PBXGroup;
			children = (
				521F1C5F245DFC6700E2A7B1 /* Endpoint */,
				521F1C59245DFAF100E2A7B1 /* DeezerService.swift */,
			);
			path = Deezer;
			sourceTree = "<group>";
		};
		521F1C5B245DFBBA00E2A7B1 /* Entity */ = {
			isa = PBXGroup;
			children = (
				521F1C5C245DFBCB00E2A7B1 /* Deezer */,
				52C583E12462035C002BFBCD /* News.swift */,
			);
			path = Entity;
			sourceTree = "<group>";
		};
		521F1C5C245DFBCB00E2A7B1 /* Deezer */ = {
			isa = PBXGroup;
			children = (
				521F1C5D245DFBD800E2A7B1 /* DeezerArtist.swift */,
				521F1C6B245E049C00E2A7B1 /* DeezerAlbum.swift */,
				52C583D52461F9AF002BFBCD /* DeezerPlaylist.swift */,
			);
			path = Deezer;
			sourceTree = "<group>";
		};
		521F1C5F245DFC6700E2A7B1 /* Endpoint */ = {
			isa = PBXGroup;
			children = (
				521F1C65245DFD3600E2A7B1 /* DeezerApiEndpoint.swift */,
				521F1C60245DFC7D00E2A7B1 /* UserFavoriteArtistsEndpoint.swift */,
				521F1C6D245E051100E2A7B1 /* ArtistAlbumsEndpoint.swift */,
				52C583D72461FA41002BFBCD /* UserPlaylistsEndpoint.swift */,
			);
			path = Endpoint;
			sourceTree = "<group>";
		};
		521F1C67245E005F00E2A7B1 /* ViewModel */ = {
			isa = PBXGroup;
			children = (
				521F1C69245E010200E2A7B1 /* NewsViewModel.swift */,
				52F88E06246027780004B1EC /* DeeplinkViewModel.swift */,
			);
			path = ViewModel;
			sourceTree = "<group>";
		};
		521F1C73245E088F00E2A7B1 /* Component */ = {
			isa = PBXGroup;
			children = (
				52258A43245EC74E00063825 /* WebImage.swift */,
				52C583E324620937002BFBCD /* NewsComponent.swift */,
				52AFC27924620B090067A9FC /* NewsHeaderComponent.swift */,
				5246E7E12462258C00A13706 /* NewsContentComponent.swift */,
			);
			path = Component;
			sourceTree = "<group>";
		};
		521F1C78245E157500E2A7B1 /* Extension */ = {
			isa = PBXGroup;
			children = (
				521F1C79245E158800E2A7B1 /* Date+ToString.swift */,
				524D923B245ECCE5005F5237 /* String+ToDate.swift */,
				52F88E0F24603ADE0004B1EC /* Color.swift */,
				52C583DC24620082002BFBCD /* Publisher+RetryAfter.swift */,
			);
			path = Extension;
			sourceTree = "<group>";
		};
		521F1C7B245EC1C900E2A7B1 /* Util */ = {
			isa = PBXGroup;
			children = (
				521F1C7C245EC1DA00E2A7B1 /* ImageLoader.swift */,
			);
			path = Util;
			sourceTree = "<group>";
		};
		521F1C7E245EC57300E2A7B1 /* Image */ = {
			isa = PBXGroup;
			children = (
				521F1C81245EC59900E2A7B1 /* Endpoint */,
				521F1C7F245EC57D00E2A7B1 /* ImageService.swift */,
			);
			path = Image;
			sourceTree = "<group>";
		};
		521F1C81245EC59900E2A7B1 /* Endpoint */ = {
			isa = PBXGroup;
			children = (
				521F1C82245EC5A400E2A7B1 /* ImageEndpoint.swift */,
			);
			path = Endpoint;
			sourceTree = "<group>";
		};
/* End PBXGroup section */

/* Begin PBXNativeTarget section */
		521F1C2A245DF5C400E2A7B1 /* Matis */ = {
			isa = PBXNativeTarget;
			buildConfigurationList = 521F1C3F245DF5C600E2A7B1 /* Build configuration list for PBXNativeTarget "Matis" */;
			buildPhases = (
				521F1C27245DF5C400E2A7B1 /* Sources */,
				521F1C28245DF5C400E2A7B1 /* Frameworks */,
				521F1C29245DF5C400E2A7B1 /* Resources */,
				521F1C53245DFA2D00E2A7B1 /* SwiftLint */,
			);
			buildRules = (
			);
			dependencies = (
			);
			name = Matis;
			packageProductDependencies = (
			);
			productName = Matis;
			productReference = 521F1C2B245DF5C400E2A7B1 /* Matis.app */;
			productType = "com.apple.product-type.application";
		};
/* End PBXNativeTarget section */

/* Begin PBXProject section */
		521F1C23245DF5C400E2A7B1 /* Project object */ = {
			isa = PBXProject;
			attributes = {
				LastSwiftUpdateCheck = 1140;
				LastUpgradeCheck = 1140;
				ORGANIZATIONNAME = Matis;
				TargetAttributes = {
					521F1C2A245DF5C400E2A7B1 = {
						CreatedOnToolsVersion = 11.4.1;
					};
				};
			};
			buildConfigurationList = 521F1C26245DF5C400E2A7B1 /* Build configuration list for PBXProject "Matis" */;
			compatibilityVersion = "Xcode 9.3";
			developmentRegion = en;
			hasScannedForEncodings = 0;
			knownRegions = (
				en,
				Base,
			);
			mainGroup = 521F1C22245DF5C400E2A7B1;
			packageReferences = (
			);
			productRefGroup = 521F1C2C245DF5C400E2A7B1 /* Products */;
			projectDirPath = "";
			projectRoot = "";
			targets = (
				521F1C2A245DF5C400E2A7B1 /* Matis */,
			);
		};
/* End PBXProject section */

/* Begin PBXResourcesBuildPhase section */
		521F1C29245DF5C400E2A7B1 /* Resources */ = {
			isa = PBXResourcesBuildPhase;
			buildActionMask = 2147483647;
			files = (
				521F1C3B245DF5C600E2A7B1 /* LaunchScreen.storyboard in Resources */,
				521F1C38245DF5C600E2A7B1 /* Preview Assets.xcassets in Resources */,
				521F1C35245DF5C600E2A7B1 /* Assets.xcassets in Resources */,
			);
			runOnlyForDeploymentPostprocessing = 0;
		};
/* End PBXResourcesBuildPhase section */

/* Begin PBXShellScriptBuildPhase section */
		521F1C53245DFA2D00E2A7B1 /* SwiftLint */ = {
			isa = PBXShellScriptBuildPhase;
			buildActionMask = 2147483647;
			files = (
			);
			inputFileListPaths = (
			);
			inputPaths = (
			);
			name = SwiftLint;
			outputFileListPaths = (
			);
			outputPaths = (
			);
			runOnlyForDeploymentPostprocessing = 0;
			shellPath = /bin/sh;
			shellScript = "swiftlint --config .swiftlint.yml\n";
		};
/* End PBXShellScriptBuildPhase section */

/* Begin PBXSourcesBuildPhase section */
		521F1C27245DF5C400E2A7B1 /* Sources */ = {
			isa = PBXSourcesBuildPhase;
			buildActionMask = 2147483647;
			files = (
				521F1C6E245E051100E2A7B1 /* ArtistAlbumsEndpoint.swift in Sources */,
				521F1C4E245DF77600E2A7B1 /* BaseRequest.swift in Sources */,
				521F1C7D245EC1DA00E2A7B1 /* ImageLoader.swift in Sources */,
				521F1C61245DFC7D00E2A7B1 /* UserFavoriteArtistsEndpoint.swift in Sources */,
				52C583D62461F9AF002BFBCD /* DeezerPlaylist.swift in Sources */,
				521F1C2F245DF5C400E2A7B1 /* AppDelegate.swift in Sources */,
				5246E7E22462258C00A13706 /* NewsContentComponent.swift in Sources */,
				52C583E424620937002BFBCD /* NewsComponent.swift in Sources */,
				521F1C50245DF77600E2A7B1 /* Reachability.swift in Sources */,
				521F1C66245DFD3600E2A7B1 /* DeezerApiEndpoint.swift in Sources */,
				52258A44245EC74E00063825 /* WebImage.swift in Sources */,
				521F1C4F245DF77600E2A7B1 /* ApiRequester.swift in Sources */,
				521F1C7A245E158800E2A7B1 /* Date+ToString.swift in Sources */,
				524D923C245ECCE5005F5237 /* String+ToDate.swift in Sources */,
				52AFC27A24620B090067A9FC /* NewsHeaderComponent.swift in Sources */,
				52C583E22462035C002BFBCD /* News.swift in Sources */,
				5219149624633FFD00D2D683 /* NewsService.swift in Sources */,
				521F1C51245DF77600E2A7B1 /* Request.swift in Sources */,
				521F1C5E245DFBD800E2A7B1 /* DeezerArtist.swift in Sources */,
				52F88E1024603ADE0004B1EC /* Color.swift in Sources */,
				521F1C6C245E049C00E2A7B1 /* DeezerAlbum.swift in Sources */,
				521F1C6A245E010200E2A7B1 /* NewsViewModel.swift in Sources */,
				521F1C5A245DFAF100E2A7B1 /* DeezerService.swift in Sources */,
				52C583DD24620082002BFBCD /* Publisher+RetryAfter.swift in Sources */,
				521F1C83245EC5A400E2A7B1 /* ImageEndpoint.swift in Sources */,
				521F1C80245EC57D00E2A7B1 /* ImageService.swift in Sources */,
				521F1C31245DF5C400E2A7B1 /* SceneDelegate.swift in Sources */,
				521F1C33245DF5C400E2A7B1 /* NewsFeedView.swift in Sources */,
				52C583D82461FA41002BFBCD /* UserPlaylistsEndpoint.swift in Sources */,
				52F88E07246027780004B1EC /* DeeplinkViewModel.swift in Sources */,
				521F1C52245DF77600E2A7B1 /* ApiEndpoint.swift in Sources */,
			);
			runOnlyForDeploymentPostprocessing = 0;
		};
/* End PBXSourcesBuildPhase section */

/* Begin PBXVariantGroup section */
		521F1C39245DF5C600E2A7B1 /* LaunchScreen.storyboard */ = {
			isa = PBXVariantGroup;
			children = (
				521F1C3A245DF5C600E2A7B1 /* Base */,
			);
			name = LaunchScreen.storyboard;
			sourceTree = "<group>";
		};
/* End PBXVariantGroup section */

/* Begin XCBuildConfiguration section */
		521F1C3D245DF5C600E2A7B1 /* Debug */ = {
			isa = XCBuildConfiguration;
			buildSettings = {
				ALWAYS_SEARCH_USER_PATHS = NO;
				CLANG_ANALYZER_NONNULL = YES;
				CLANG_ANALYZER_NUMBER_OBJECT_CONVERSION = YES_AGGRESSIVE;
				CLANG_CXX_LANGUAGE_STANDARD = "gnu++14";
				CLANG_CXX_LIBRARY = "libc++";
				CLANG_ENABLE_MODULES = YES;
				CLANG_ENABLE_OBJC_ARC = YES;
				CLANG_ENABLE_OBJC_WEAK = YES;
				CLANG_WARN_BLOCK_CAPTURE_AUTORELEASING = YES;
				CLANG_WARN_BOOL_CONVERSION = YES;
				CLANG_WARN_COMMA = YES;
				CLANG_WARN_CONSTANT_CONVERSION = YES;
				CLANG_WARN_DEPRECATED_OBJC_IMPLEMENTATIONS = YES;
				CLANG_WARN_DIRECT_OBJC_ISA_USAGE = YES_ERROR;
				CLANG_WARN_DOCUMENTATION_COMMENTS = YES;
				CLANG_WARN_EMPTY_BODY = YES;
				CLANG_WARN_ENUM_CONVERSION = YES;
				CLANG_WARN_INFINITE_RECURSION = YES;
				CLANG_WARN_INT_CONVERSION = YES;
				CLANG_WARN_NON_LITERAL_NULL_CONVERSION = YES;
				CLANG_WARN_OBJC_IMPLICIT_RETAIN_SELF = YES;
				CLANG_WARN_OBJC_LITERAL_CONVERSION = YES;
				CLANG_WARN_OBJC_ROOT_CLASS = YES_ERROR;
				CLANG_WARN_RANGE_LOOP_ANALYSIS = YES;
				CLANG_WARN_STRICT_PROTOTYPES = YES;
				CLANG_WARN_SUSPICIOUS_MOVE = YES;
				CLANG_WARN_UNGUARDED_AVAILABILITY = YES_AGGRESSIVE;
				CLANG_WARN_UNREACHABLE_CODE = YES;
				CLANG_WARN__DUPLICATE_METHOD_MATCH = YES;
				COPY_PHASE_STRIP = NO;
				DEBUG_INFORMATION_FORMAT = dwarf;
				ENABLE_STRICT_OBJC_MSGSEND = YES;
				ENABLE_TESTABILITY = YES;
				GCC_C_LANGUAGE_STANDARD = gnu11;
				GCC_DYNAMIC_NO_PIC = NO;
				GCC_NO_COMMON_BLOCKS = YES;
				GCC_OPTIMIZATION_LEVEL = 0;
				GCC_PREPROCESSOR_DEFINITIONS = (
					"DEBUG=1",
					"$(inherited)",
				);
				GCC_WARN_64_TO_32_BIT_CONVERSION = YES;
				GCC_WARN_ABOUT_RETURN_TYPE = YES_ERROR;
				GCC_WARN_UNDECLARED_SELECTOR = YES;
				GCC_WARN_UNINITIALIZED_AUTOS = YES_AGGRESSIVE;
				GCC_WARN_UNUSED_FUNCTION = YES;
				GCC_WARN_UNUSED_VARIABLE = YES;
				IPHONEOS_DEPLOYMENT_TARGET = 13.4;
				MTL_ENABLE_DEBUG_INFO = INCLUDE_SOURCE;
				MTL_FAST_MATH = YES;
				ONLY_ACTIVE_ARCH = YES;
				SDKROOT = iphoneos;
				SWIFT_ACTIVE_COMPILATION_CONDITIONS = DEBUG;
				SWIFT_OPTIMIZATION_LEVEL = "-Onone";
			};
			name = Debug;
		};
		521F1C3E245DF5C600E2A7B1 /* Release */ = {
			isa = XCBuildConfiguration;
			buildSettings = {
				ALWAYS_SEARCH_USER_PATHS = NO;
				CLANG_ANALYZER_NONNULL = YES;
				CLANG_ANALYZER_NUMBER_OBJECT_CONVERSION = YES_AGGRESSIVE;
				CLANG_CXX_LANGUAGE_STANDARD = "gnu++14";
				CLANG_CXX_LIBRARY = "libc++";
				CLANG_ENABLE_MODULES = YES;
				CLANG_ENABLE_OBJC_ARC = YES;
				CLANG_ENABLE_OBJC_WEAK = YES;
				CLANG_WARN_BLOCK_CAPTURE_AUTORELEASING = YES;
				CLANG_WARN_BOOL_CONVERSION = YES;
				CLANG_WARN_COMMA = YES;
				CLANG_WARN_CONSTANT_CONVERSION = YES;
				CLANG_WARN_DEPRECATED_OBJC_IMPLEMENTATIONS = YES;
				CLANG_WARN_DIRECT_OBJC_ISA_USAGE = YES_ERROR;
				CLANG_WARN_DOCUMENTATION_COMMENTS = YES;
				CLANG_WARN_EMPTY_BODY = YES;
				CLANG_WARN_ENUM_CONVERSION = YES;
				CLANG_WARN_INFINITE_RECURSION = YES;
				CLANG_WARN_INT_CONVERSION = YES;
				CLANG_WARN_NON_LITERAL_NULL_CONVERSION = YES;
				CLANG_WARN_OBJC_IMPLICIT_RETAIN_SELF = YES;
				CLANG_WARN_OBJC_LITERAL_CONVERSION = YES;
				CLANG_WARN_OBJC_ROOT_CLASS = YES_ERROR;
				CLANG_WARN_RANGE_LOOP_ANALYSIS = YES;
				CLANG_WARN_STRICT_PROTOTYPES = YES;
				CLANG_WARN_SUSPICIOUS_MOVE = YES;
				CLANG_WARN_UNGUARDED_AVAILABILITY = YES_AGGRESSIVE;
				CLANG_WARN_UNREACHABLE_CODE = YES;
				CLANG_WARN__DUPLICATE_METHOD_MATCH = YES;
				COPY_PHASE_STRIP = NO;
				DEBUG_INFORMATION_FORMAT = "dwarf-with-dsym";
				ENABLE_NS_ASSERTIONS = NO;
				ENABLE_STRICT_OBJC_MSGSEND = YES;
				GCC_C_LANGUAGE_STANDARD = gnu11;
				GCC_NO_COMMON_BLOCKS = YES;
				GCC_WARN_64_TO_32_BIT_CONVERSION = YES;
				GCC_WARN_ABOUT_RETURN_TYPE = YES_ERROR;
				GCC_WARN_UNDECLARED_SELECTOR = YES;
				GCC_WARN_UNINITIALIZED_AUTOS = YES_AGGRESSIVE;
				GCC_WARN_UNUSED_FUNCTION = YES;
				GCC_WARN_UNUSED_VARIABLE = YES;
				IPHONEOS_DEPLOYMENT_TARGET = 13.4;
				MTL_ENABLE_DEBUG_INFO = NO;
				MTL_FAST_MATH = YES;
				SDKROOT = iphoneos;
				SWIFT_COMPILATION_MODE = wholemodule;
				SWIFT_OPTIMIZATION_LEVEL = "-O";
				VALIDATE_PRODUCT = YES;
			};
			name = Release;
		};
		521F1C40245DF5C600E2A7B1 /* Debug */ = {
			isa = XCBuildConfiguration;
			buildSettings = {
				ASSETCATALOG_COMPILER_APPICON_NAME = AppIcon;
				CODE_SIGN_STYLE = Automatic;
				DEVELOPMENT_ASSET_PATHS = "\"Matis/Resource/Preview Content\"";
				DEVELOPMENT_TEAM = D27NXEG753;
				ENABLE_PREVIEWS = YES;
				INFOPLIST_FILE = Matis/Resource/Info.plist;
				IPHONEOS_DEPLOYMENT_TARGET = 13.0;
				LD_RUNPATH_SEARCH_PATHS = (
					"$(inherited)",
					"@executable_path/Frameworks",
				);
				PRODUCT_BUNDLE_IDENTIFIER = maxime.maheo.Matis;
				PRODUCT_NAME = "$(TARGET_NAME)";
				SWIFT_VERSION = 5.0;
				TARGETED_DEVICE_FAMILY = "1,2";
			};
			name = Debug;
		};
		521F1C41245DF5C600E2A7B1 /* Release */ = {
			isa = XCBuildConfiguration;
			buildSettings = {
				ASSETCATALOG_COMPILER_APPICON_NAME = AppIcon;
				CODE_SIGN_STYLE = Automatic;
				DEVELOPMENT_ASSET_PATHS = "\"Matis/Resource/Preview Content\"";
				DEVELOPMENT_TEAM = D27NXEG753;
				ENABLE_PREVIEWS = YES;
				INFOPLIST_FILE = Matis/Resource/Info.plist;
				IPHONEOS_DEPLOYMENT_TARGET = 13.0;
				LD_RUNPATH_SEARCH_PATHS = (
					"$(inherited)",
					"@executable_path/Frameworks",
				);
				PRODUCT_BUNDLE_IDENTIFIER = maxime.maheo.Matis;
				PRODUCT_NAME = "$(TARGET_NAME)";
				SWIFT_VERSION = 5.0;
				TARGETED_DEVICE_FAMILY = "1,2";
			};
			name = Release;
		};
/* End XCBuildConfiguration section */

/* Begin XCConfigurationList section */
		521F1C26245DF5C400E2A7B1 /* Build configuration list for PBXProject "Matis" */ = {
			isa = XCConfigurationList;
			buildConfigurations = (
				521F1C3D245DF5C600E2A7B1 /* Debug */,
				521F1C3E245DF5C600E2A7B1 /* Release */,
			);
			defaultConfigurationIsVisible = 0;
			defaultConfigurationName = Release;
		};
		521F1C3F245DF5C600E2A7B1 /* Build configuration list for PBXNativeTarget "Matis" */ = {
			isa = XCConfigurationList;
			buildConfigurations = (
				521F1C40245DF5C600E2A7B1 /* Debug */,
				521F1C41245DF5C600E2A7B1 /* Release */,
			);
			defaultConfigurationIsVisible = 0;
			defaultConfigurationName = Release;
		};
/* End XCConfigurationList section */
	};
	rootObject = 521F1C23245DF5C400E2A7B1 /* Project object */;
}
